
Microsoft Visual Studio Solution File, Format Version 12.00
# Visual Studio Version 16
VisualStudioVersion = 16.0.30621.155
MinimumVisualStudioVersion = 10.0.40219.1
Project("{8BC9CEB8-8B4A-11D0-8D11-00A0C91BC942}") = "fixed_container", "fixed_container.vcxproj", "{13BEC993-7318-4E83-92F9-7C28292EE97D}"
EndProject
Global
	GlobalSection(SolutionConfigurationPlatforms) = preSolution
		Debug|x64 = Debug|x64
		Debug|x86 = Debug|x86
		Release|x64 = Release|x64
		Release|x86 = Release|x86
	EndGlobalSection
	GlobalSection(ProjectConfigurationPlatforms) = postSolution
		{13BEC993-7318-4E83-92F9-7C28292EE97D}.Debug|x64.ActiveCfg = Debug|x64
		{13BEC993-7318-4E83-92F9-7C28292EE97D}.Debug|x64.Build.0 = Debug|x64
		{13BEC993-7318-4E83-92F9-7C28292EE97D}.Debug|x86.ActiveCfg = Debug|Win32
		{13BEC993-7318-4E83-92F9-7C28292EE97D}.Debug|x86.Build.0 = Debug|Win32
		{13BEC993-7318-4E83-92F9-7C28292EE97D}.Release|x64.ActiveCfg = Release|x64
		{13BEC993-7318-4E83-92F9-7C28292EE97D}.Release|x64.Build.0 = Release|x64
		{13BEC993-7318-4E83-92F9-7C28292EE97D}.Release|x86.ActiveCfg = Release|Win32
		{13BEC993-7318-4E83-92F9-7C28292EE97D}.Release|x86.Build.0 = Release|Win32
	EndGlobalSection
	GlobalSection(SolutionProperties) = preSolution
		HideSolutionNode = FALSE
	EndGlobalSection
	GlobalSection(ExtensibilityGlobals) = postSolution
		SolutionGuid = {C50A956C-2D7D-4AD9-9851-9B6B821533F4}
	EndGlobalSection
EndGlobal
